// !$*UTF8*$!
{
	archiveVersion = 1;
	classes = {
	};
	objectVersion = 46;
	objects = {

/* Begin PBXBuildFile section */
		65B64A331BFC44000091161A /* main.m in Sources */ = {isa = PBXBuildFile; fileRef = 65B64A321BFC44000091161A /* main.m */; };
		65B64A361BFC44000091161A /* AppDelegate.m in Sources */ = {isa = PBXBuildFile; fileRef = 65B64A351BFC44000091161A /* AppDelegate.m */; };
		65B64A391BFC44000091161A /* ViewController.m in Sources */ = {isa = PBXBuildFile; fileRef = 65B64A381BFC44000091161A /* ViewController.m */; };
		65B64A3C1BFC44000091161A /* Main.storyboard in Resources */ = {isa = PBXBuildFile; fileRef = 65B64A3A1BFC44000091161A /* Main.storyboard */; };
		65B64A3E1BFC44000091161A /* Assets.xcassets in Resources */ = {isa = PBXBuildFile; fileRef = 65B64A3D1BFC44000091161A /* Assets.xcassets */; };
		65B64A411BFC44000091161A /* LaunchScreen.storyboard in Resources */ = {isa = PBXBuildFile; fileRef = 65B64A3F1BFC44000091161A /* LaunchScreen.storyboard */; };
		65B64A4B1BFC44720091161A /* OCPublisher.m in Sources */ = {isa = PBXBuildFile; fileRef = 65B64A4A1BFC44720091161A /* OCPublisher.m */; };
		65B64A4E1BFC448E0091161A /* OCSuperhero.m in Sources */ = {isa = PBXBuildFile; fileRef = 65B64A4D1BFC448E0091161A /* OCSuperhero.m */; };
		65B64A511BFC44BB0091161A /* OCVillain.m in Sources */ = {isa = PBXBuildFile; fileRef = 65B64A501BFC44BB0091161A /* OCVillain.m */; };
		65B64A561BFC46510091161A /* SwiftController.swift in Sources */ = {isa = PBXBuildFile; fileRef = 65B64A551BFC46510091161A /* SwiftController.swift */; };
		65B64A581BFC46CA0091161A /* SWSuperhero.swift in Sources */ = {isa = PBXBuildFile; fileRef = 65B64A571BFC46CA0091161A /* SWSuperhero.swift */; };
		65B64A5A1BFC47260091161A /* SWVillain.swift in Sources */ = {isa = PBXBuildFile; fileRef = 65B64A591BFC47260091161A /* SWVillain.swift */; };
/* End PBXBuildFile section */

/* Begin PBXFileReference section */
		65B64A2E1BFC44000091161A /* SwiftInterop.app */ = {isa = PBXFileReference; explicitFileType = wrapper.application; includeInIndex = 0; path = SwiftInterop.app; sourceTree = BUILT_PRODUCTS_DIR; };
		65B64A321BFC44000091161A /* main.m */ = {isa = PBXFileReference; lastKnownFileType = sourcecode.c.objc; path = main.m; sourceTree = "<group>"; };
		65B64A341BFC44000091161A /* AppDelegate.h */ = {isa = PBXFileReference; lastKnownFileType = sourcecode.c.h; path = AppDelegate.h; sourceTree = "<group>"; };
		65B64A351BFC44000091161A /* AppDelegate.m */ = {isa = PBXFileReference; lastKnownFileType = sourcecode.c.objc; path = AppDelegate.m; sourceTree = "<group>"; };
		65B64A371BFC44000091161A /* ViewController.h */ = {isa = PBXFileReference; lastKnownFileType = sourcecode.c.h; path = ViewController.h; sourceTree = "<group>"; };
		65B64A381BFC44000091161A /* ViewController.m */ = {isa = PBXFileReference; lastKnownFileType = sourcecode.c.objc; path = ViewController.m; sourceTree = "<group>"; };
		65B64A3B1BFC44000091161A /* Base */ = {isa = PBXFileReference; lastKnownFileType = file.storyboard; name = Base; path = Base.lproj/Main.storyboard; sourceTree = "<group>"; };
		65B64A3D1BFC44000091161A /* Assets.xcassets */ = {isa = PBXFileReference; lastKnownFileType = folder.assetcatalog; path = Assets.xcassets; sourceTree = "<group>"; };
		65B64A401BFC44000091161A /* Base */ = {isa = PBXFileReference; lastKnownFileType = file.storyboard; name = Base; path = Base.lproj/LaunchScreen.storyboard; sourceTree = "<group>"; };
		65B64A421BFC44000091161A /* Info.plist */ = {isa = PBXFileReference; lastKnownFileType = text.plist.xml; path = Info.plist; sourceTree = "<group>"; };
		65B64A491BFC44720091161A /* OCPublisher.h */ = {isa = PBXFileReference; fileEncoding = 4; lastKnownFileType = sourcecode.c.h; path = OCPublisher.h; sourceTree = "<group>"; };
		65B64A4A1BFC44720091161A /* OCPublisher.m */ = {isa = PBXFileReference; fileEncoding = 4; lastKnownFileType = sourcecode.c.objc; path = OCPublisher.m; sourceTree = "<group>"; };
		65B64A4C1BFC448E0091161A /* OCSuperhero.h */ = {isa = PBXFileReference; fileEncoding = 4; lastKnownFileType = sourcecode.c.h; path = OCSuperhero.h; sourceTree = "<group>"; };
		65B64A4D1BFC448E0091161A /* OCSuperhero.m */ = {isa = PBXFileReference; fileEncoding = 4; lastKnownFileType = sourcecode.c.objc; path = OCSuperhero.m; sourceTree = "<group>"; };
		65B64A4F1BFC44BB0091161A /* OCVillain.h */ = {isa = PBXFileReference; fileEncoding = 4; lastKnownFileType = sourcecode.c.h; path = OCVillain.h; sourceTree = "<group>"; };
		65B64A501BFC44BB0091161A /* OCVillain.m */ = {isa = PBXFileReference; fileEncoding = 4; lastKnownFileType = sourcecode.c.objc; path = OCVillain.m; sourceTree = "<group>"; };
		65B64A541BFC46510091161A /* SwiftInterop-Bridging-Header.h */ = {isa = PBXFileReference; lastKnownFileType = sourcecode.c.h; path = "SwiftInterop-Bridging-Header.h"; sourceTree = "<group>"; };
		65B64A551BFC46510091161A /* SwiftController.swift */ = {isa = PBXFileReference; fileEncoding = 4; lastKnownFileType = sourcecode.swift; path = SwiftController.swift; sourceTree = "<group>"; };
		65B64A571BFC46CA0091161A /* SWSuperhero.swift */ = {isa = PBXFileReference; fileEncoding = 4; lastKnownFileType = sourcecode.swift; path = SWSuperhero.swift; sourceTree = "<group>"; };
		65B64A591BFC47260091161A /* SWVillain.swift */ = {isa = PBXFileReference; fileEncoding = 4; lastKnownFileType = sourcecode.swift; path = SWVillain.swift; sourceTree = "<group>"; };
/* End PBXFileReference section */

/* Begin PBXFrameworksBuildPhase section */
		65B64A2B1BFC44000091161A /* Frameworks */ = {
			isa = PBXFrameworksBuildPhase;
			buildActionMask = 2147483647;
			files = (
			);
			runOnlyForDeploymentPostprocessing = 0;
		};
/* End PBXFrameworksBuildPhase section */

/* Begin PBXGroup section */
		65B64A251BFC43FF0091161A = {
			isa = PBXGroup;
			children = (
				65B64A301BFC44000091161A /* SwiftInterop */,
				65B64A2F1BFC44000091161A /* Products */,
			);
			sourceTree = "<group>";
		};
		65B64A2F1BFC44000091161A /* Products */ = {
			isa = PBXGroup;
			children = (
				65B64A2E1BFC44000091161A /* SwiftInterop.app */,
			);
			name = Products;
			sourceTree = "<group>";
		};
		65B64A301BFC44000091161A /* SwiftInterop */ = {
			isa = PBXGroup;
			children = (
				65B64A541BFC46510091161A /* SwiftInterop-Bridging-Header.h */,
				65B64A531BFC452A0091161A /* Views */,
				65B64A521BFC45050091161A /* Controllers */,
				65B64A481BFC44400091161A /* Model */,
				65B64A341BFC44000091161A /* AppDelegate.h */,
				65B64A351BFC44000091161A /* AppDelegate.m */,
				65B64A3A1BFC44000091161A /* Main.storyboard */,
				65B64A3D1BFC44000091161A /* Assets.xcassets */,
				65B64A3F1BFC44000091161A /* LaunchScreen.storyboard */,
				65B64A421BFC44000091161A /* Info.plist */,
				65B64A311BFC44000091161A /* Supporting Files */,
			);
			path = SwiftInterop;
			sourceTree = "<group>";
		};
		65B64A311BFC44000091161A /* Supporting Files */ = {
			isa = PBXGroup;
			children = (
				65B64A321BFC44000091161A /* main.m */,
			);
			name = "Supporting Files";
			sourceTree = "<group>";
		};
		65B64A481BFC44400091161A /* Model */ = {
			isa = PBXGroup;
			children = (
				65B64A491BFC44720091161A /* OCPublisher.h */,
				65B64A4A1BFC44720091161A /* OCPublisher.m */,
				65B64A4C1BFC448E0091161A /* OCSuperhero.h */,
				65B64A4D1BFC448E0091161A /* OCSuperhero.m */,
				65B64A4F1BFC44BB0091161A /* OCVillain.h */,
				65B64A501BFC44BB0091161A /* OCVillain.m */,
				65B64A571BFC46CA0091161A /* SWSuperhero.swift */,
				65B64A591BFC47260091161A /* SWVillain.swift */,
			);
			name = Model;
			sourceTree = "<group>";
		};
		65B64A521BFC45050091161A /* Controllers */ = {
			isa = PBXGroup;
			children = (
				65B64A371BFC44000091161A /* ViewController.h */,
				65B64A381BFC44000091161A /* ViewController.m */,
				65B64A551BFC46510091161A /* SwiftController.swift */,
			);
			name = Controllers;
			sourceTree = "<group>";
		};
		65B64A531BFC452A0091161A /* Views */ = {
			isa = PBXGroup;
			children = (
			);
			name = Views;
			sourceTree = "<group>";
		};
/* End PBXGroup section */

/* Begin PBXNativeTarget section */
		65B64A2D1BFC44000091161A /* SwiftInterop */ = {
			isa = PBXNativeTarget;
			buildConfigurationList = 65B64A451BFC44000091161A /* Build configuration list for PBXNativeTarget "SwiftInterop" */;
			buildPhases = (
				65B64A2A1BFC44000091161A /* Sources */,
				65B64A2B1BFC44000091161A /* Frameworks */,
				65B64A2C1BFC44000091161A /* Resources */,
			);
			buildRules = (
			);
			dependencies = (
			);
			name = SwiftInterop;
			productName = SwiftInterop;
			productReference = 65B64A2E1BFC44000091161A /* SwiftInterop.app */;
			productType = "com.apple.product-type.application";
		};
/* End PBXNativeTarget section */

/* Begin PBXProject section */
		65B64A261BFC43FF0091161A /* Project object */ = {
			isa = PBXProject;
			attributes = {
				LastUpgradeCheck = 0710;
				ORGANIZATIONNAME = Mobileforming;
				TargetAttributes = {
					65B64A2D1BFC44000091161A = {
						CreatedOnToolsVersion = 7.1;
					};
				};
			};
			buildConfigurationList = 65B64A291BFC43FF0091161A /* Build configuration list for PBXProject "SwiftInterop" */;
			compatibilityVersion = "Xcode 3.2";
			developmentRegion = English;
			hasScannedForEncodings = 0;
			knownRegions = (
				en,
				Base,
			);
			mainGroup = 65B64A251BFC43FF0091161A;
			productRefGroup = 65B64A2F1BFC44000091161A /* Products */;
			projectDirPath = "";
			projectRoot = "";
			targets = (
				65B64A2D1BFC44000091161A /* SwiftInterop */,
			);
		};
/* End PBXProject section */

/* Begin PBXResourcesBuildPhase section */
		65B64A2C1BFC44000091161A /* Resources */ = {
			isa = PBXResourcesBuildPhase;
			buildActionMask = 2147483647;
			files = (
				65B64A411BFC44000091161A /* LaunchScreen.storyboard in Resources */,
				65B64A3E1BFC44000091161A /* Assets.xcassets in Resources */,
				65B64A3C1BFC44000091161A /* Main.storyboard in Resources */,
			);
			runOnlyForDeploymentPostprocessing = 0;
		};
/* End PBXResourcesBuildPhase section */

/* Begin PBXSourcesBuildPhase section */
		65B64A2A1BFC44000091161A /* Sources */ = {
			isa = PBXSourcesBuildPhase;
			buildActionMask = 2147483647;
			files = (
				65B64A4B1BFC44720091161A /* OCPublisher.m in Sources */,
				65B64A561BFC46510091161A /* SwiftController.swift in Sources */,
				65B64A511BFC44BB0091161A /* OCVillain.m in Sources */,
				65B64A5A1BFC47260091161A /* SWVillain.swift in Sources */,
				65B64A581BFC46CA0091161A /* SWSuperhero.swift in Sources */,
				65B64A391BFC44000091161A /* ViewController.m in Sources */,
				65B64A361BFC44000091161A /* AppDelegate.m in Sources */,
				65B64A4E1BFC448E0091161A /* OCSuperhero.m in Sources */,
				65B64A331BFC44000091161A /* main.m in Sources */,
			);
			runOnlyForDeploymentPostprocessing = 0;
		};
/* End PBXSourcesBuildPhase section */

/* Begin PBXVariantGroup section */
		65B64A3A1BFC44000091161A /* Main.storyboard */ = {
			isa = PBXVariantGroup;
			children = (
				65B64A3B1BFC44000091161A /* Base */,
			);
			name = Main.storyboard;
			sourceTree = "<group>";
		};
		65B64A3F1BFC44000091161A /* LaunchScreen.storyboard */ = {
			isa = PBXVariantGroup;
			children = (
				65B64A401BFC44000091161A /* Base */,
			);
			name = LaunchScreen.storyboard;
			sourceTree = "<group>";
		};
/* End PBXVariantGroup section */

/* Begin XCBuildConfiguration section */
		65B64A431BFC44000091161A /* Debug */ = {
			isa = XCBuildConfiguration;
			buildSettings = {
				ALWAYS_SEARCH_USER_PATHS = NO;
				CLANG_CXX_LANGUAGE_STANDARD = "gnu++0x";
				CLANG_CXX_LIBRARY = "libc++";
				CLANG_ENABLE_MODULES = YES;
				CLANG_ENABLE_OBJC_ARC = YES;
				CLANG_WARN_BOOL_CONVERSION = YES;
				CLANG_WARN_CONSTANT_CONVERSION = YES;
				CLANG_WARN_DIRECT_OBJC_ISA_USAGE = YES_ERROR;
				CLANG_WARN_EMPTY_BODY = YES;
				CLANG_WARN_ENUM_CONVERSION = YES;
				CLANG_WARN_INT_CONVERSION = YES;
				CLANG_WARN_OBJC_ROOT_CLASS = YES_ERROR;
				CLANG_WARN_UNREACHABLE_CODE = YES;
				CLANG_WARN__DUPLICATE_METHOD_MATCH = YES;
				"CODE_SIGN_IDENTITY[sdk=iphoneos*]" = "iPhone Developer";
				COPY_PHASE_STRIP = NO;
				DEBUG_INFORMATION_FORMAT = dwarf;
				ENABLE_STRICT_OBJC_MSGSEND = YES;
				ENABLE_TESTABILITY = YES;
				GCC_C_LANGUAGE_STANDARD = gnu99;
				GCC_DYNAMIC_NO_PIC = NO;
				GCC_NO_COMMON_BLOCKS = YES;
				GCC_OPTIMIZATION_LEVEL = 0;
				GCC_PREPROCESSOR_DEFINITIONS = (
					"DEBUG=1",
					"$(inherited)",
				);
				GCC_WARN_64_TO_32_BIT_CONVERSION = YES;
				GCC_WARN_ABOUT_RETURN_TYPE = YES_ERROR;
				GCC_WARN_UNDECLARED_SELECTOR = YES;
				GCC_WARN_UNINITIALIZED_AUTOS = YES_AGGRESSIVE;
				GCC_WARN_UNUSED_FUNCTION = YES;
				GCC_WARN_UNUSED_VARIABLE = YES;
				IPHONEOS_DEPLOYMENT_TARGET = 9.1;
				MTL_ENABLE_DEBUG_INFO = YES;
				ONLY_ACTIVE_ARCH = YES;
				SDKROOT = iphoneos;
			};
			name = Debug;
		};
		65B64A441BFC44000091161A /* Release */ = {
			isa = XCBuildConfiguration;
			buildSettings = {
				ALWAYS_SEARCH_USER_PATHS = NO;
				CLANG_CXX_LANGUAGE_STANDARD = "gnu++0x";
				CLANG_CXX_LIBRARY = "libc++";
				CLANG_ENABLE_MODULES = YES;
				CLANG_ENABLE_OBJC_ARC = YES;
				CLANG_WARN_BOOL_CONVERSION = YES;
				CLANG_WARN_CONSTANT_CONVERSION = YES;
				CLANG_WARN_DIRECT_OBJC_ISA_USAGE = YES_ERROR;
				CLANG_WARN_EMPTY_BODY = YES;
				CLANG_WARN_ENUM_CONVERSION = YES;
				CLANG_WARN_INT_CONVERSION = YES;
				CLANG_WARN_OBJC_ROOT_CLASS = YES_ERROR;
				CLANG_WARN_UNREACHABLE_CODE = YES;
				CLANG_WARN__DUPLICATE_METHOD_MATCH = YES;
				"CODE_SIGN_IDENTITY[sdk=iphoneos*]" = "iPhone Developer";
				COPY_PHASE_STRIP = NO;
				DEBUG_INFORMATION_FORMAT = "dwarf-with-dsym";
				ENABLE_NS_ASSERTIONS = NO;
				ENABLE_STRICT_OBJC_MSGSEND = YES;
				GCC_C_LANGUAGE_STANDARD = gnu99;
				GCC_NO_COMMON_BLOCKS = YES;
				GCC_WARN_64_TO_32_BIT_CONVERSION = YES;
				GCC_WARN_ABOUT_RETURN_TYPE = YES_ERROR;
				GCC_WARN_UNDECLARED_SELECTOR = YES;
				GCC_WARN_UNINITIALIZED_AUTOS = YES_AGGRESSIVE;
				GCC_WARN_UNUSED_FUNCTION = YES;
				GCC_WARN_UNUSED_VARIABLE = YES;
				IPHONEOS_DEPLOYMENT_TARGET = 9.1;
				MTL_ENABLE_DEBUG_INFO = NO;
				SDKROOT = iphoneos;
				VALIDATE_PRODUCT = YES;
			};
			name = Release;
		};
		65B64A461BFC44000091161A /* Debug */ = {
			isa = XCBuildConfiguration;
			buildSettings = {
				ASSETCATALOG_COMPILER_APPICON_NAME = AppIcon;
				CLANG_ENABLE_MODULES = YES;
				INFOPLIST_FILE = SwiftInterop/Info.plist;
				LD_RUNPATH_SEARCH_PATHS = "$(inherited) @executable_path/Frameworks";
				PRODUCT_BUNDLE_IDENTIFIER = Mobileforming.SwiftInterop;
				PRODUCT_NAME = "$(TARGET_NAME)";
				SWIFT_OBJC_BRIDGING_HEADER = "SwiftInterop/SwiftInterop-Bridging-Header.h";
				SWIFT_OPTIMIZATION_LEVEL = "-Onone";
			};
			name = Debug;
		};
		65B64A471BFC44000091161A /* Release */ = {
			isa = XCBuildConfiguration;
			buildSettings = {
				ASSETCATALOG_COMPILER_APPICON_NAME = AppIcon;
				CLANG_ENABLE_MODULES = YES;
				INFOPLIST_FILE = SwiftInterop/Info.plist;
				LD_RUNPATH_SEARCH_PATHS = "$(inherited) @executable_path/Frameworks";
				PRODUCT_BUNDLE_IDENTIFIER = Mobileforming.SwiftInterop;
				PRODUCT_NAME = "$(TARGET_NAME)";
				SWIFT_OBJC_BRIDGING_HEADER = "SwiftInterop/SwiftInterop-Bridging-Header.h";
			};
			name = Release;
		};
/* End XCBuildConfiguration section */

/* Begin XCConfigurationList section */
		65B64A291BFC43FF0091161A /* Build configuration list for PBXProject "SwiftInterop" */ = {
			isa = XCConfigurationList;
			buildConfigurations = (
				65B64A431BFC44000091161A /* Debug */,
				65B64A441BFC44000091161A /* Release */,
			);
			defaultConfigurationIsVisible = 0;
			defaultConfigurationName = Release;
		};
		65B64A451BFC44000091161A /* Build configuration list for PBXNativeTarget "SwiftInterop" */ = {
			isa = XCConfigurationList;
			buildConfigurations = (
				65B64A461BFC44000091161A /* Debug */,
				65B64A471BFC44000091161A /* Release */,
			);
			defaultConfigurationIsVisible = 0;
		};
/* End XCConfigurationList section */
	};
	rootObject = 65B64A261BFC43FF0091161A /* Project object */;
}
